
Microsoft Visual Studio Solution File, Format Version 12.00
# Visual Studio Version 17
VisualStudioVersion = 17.2.32630.192
MinimumVisualStudioVersion = 10.0.40219.1
Project("{FAE04EC0-301F-11D3-BF4B-00C04F79EFBC}") = "QR-Redirect", "QR-Redirect\QR-Redirect.csproj", "{13DD43B5-98A7-435A-A474-FC327CB020FD}"
EndProject
Global
	GlobalSection(SolutionConfigurationPlatforms) = preSolution
		Debug|Any CPU = Debug|Any CPU
		Release|Any CPU = Release|Any CPU
	EndGlobalSection
	GlobalSection(ProjectConfigurationPlatforms) = postSolution
		{13DD43B5-98A7-435A-A474-FC327CB020FD}.Debug|Any CPU.ActiveCfg = Debug|Any CPU
		{13DD43B5-98A7-435A-A474-FC327CB020FD}.Debug|Any CPU.Build.0 = Debug|Any CPU
		{13DD43B5-98A7-435A-A474-FC327CB020FD}.Release|Any CPU.ActiveCfg = Release|Any CPU
		{13DD43B5-98A7-435A-A474-FC327CB020FD}.Release|Any CPU.Build.0 = Release|Any CPU
	EndGlobalSection
	GlobalSection(SolutionProperties) = preSolution
		HideSolutionNode = FALSE
	EndGlobalSection
	GlobalSection(ExtensibilityGlobals) = postSolution
		SolutionGuid = {601083B5-AE8F-483C-A064-4E86CED6B6D7}
	EndGlobalSection
EndGlobal
